<?xml version="1.0" encoding="utf-8"?>
<Project ToolsVersion="4.0" xmlns="http://schemas.microsoft.com/developer/msbuild/2003">
  <ItemGroup>
    <Filter Include="Quelldateien">
      <UniqueIdentifier>{4FC737F1-C7A5-4376-A066-2A32D752A2FF}</UniqueIdentifier>
      <Extensions>cpp;c;cc;cxx;def;odl;idl;hpj;bat;asm;asmx</Extensions>
    </Filter>
    <Filter Include="Headerdateien">
      <UniqueIdentifier>{93995380-89BD-4b04-88EB-625FBE52EBFB}</UniqueIdentifier>
      <Extensions>h;hpp;hxx;hm;inl;inc;xsd</Extensions>
    </Filter>
    <Filter Include="Ressourcendateien">
      <UniqueIdentifier>{67DA6AB6-F800-4c08-8B7A-83BB121AAD01}</UniqueIdentifier>
      <Extensions>rc;ico;cur;bmp;dlg;rc2;rct;bin;rgs;gif;jpg;jpeg;jpe;resx;tiff;tif;png;wav;mfcribbon-ms</Extensions>
    </Filter>
  </ItemGroup>
  <ItemGroup>
    <None Include="ReadMe.txt" />
  </ItemGroup>
  <ItemGroup>
    <ClInclude Include="stdafx.h">
      <Filter>Headerdateien</Filter>
    </ClInclude>
    <ClInclude Include="targetver.h">
      <Filter>Headerdateien</Filter>
    </ClInclude>
    <ClInclude Include="AboutArrays.h">
      <Filter>Headerdateien</Filter>
    </ClInclude>
    <ClInclude Include="AboutClasses.h">
      <Filter>Headerdateien</Filter>
    </ClInclude>
    <ClInclude Include="AboutControlStructures.h">
      <Filter>Headerdateien</Filter>
    </ClInclude>
    <ClInclude Include="AboutDataTypes.h">
      <Filter>Headerdateien</Filter>
    </ClInclude>
    <ClInclude Include="AboutErrorHandling.h">
      <Filter>Headerdateien</Filter>
    </ClInclude>
    <ClInclude Include="AboutFunctionCalls.h">
      <Filter>Headerdateien</Filter>
    </ClInclude>
    <ClInclude Include="AboutPointers.h">
      <Filter>Headerdateien</Filter>
    </ClInclude>
    <ClInclude Include="AboutStdInAndOut.h">
      <Filter>Headerdateien</Filter>
    </ClInclude>
    <ClInclude Include="AboutStrings.h">
      <Filter>Headerdateien</Filter>
    </ClInclude>
    <ClInclude Include="AboutUserDefinedTypes.h">
      <Filter>Headerdateien</Filter>
    </ClInclude>
    <ClInclude Include="AboutVectors.h">
      <Filter>Headerdateien</Filter>
    </ClInclude>
    <ClInclude Include="Assert.h">
      <Filter>Headerdateien</Filter>
    </ClInclude>
    <ClInclude Include="StopMeditating.h">
      <Filter>Headerdateien</Filter>
    </ClInclude>
    <ClInclude Include="AboutAssert.h">
      <Filter>Headerdateien</Filter>
    </ClInclude>
    <ClInclude Include="AboutBitwiseOperators.h">
      <Filter>Headerdateien</Filter>
    </ClInclude>
  </ItemGroup>
  <ItemGroup>
    <ClCompile Include="stdafx.cpp">
      <Filter>Quelldateien</Filter>
    </ClCompile>
    <ClCompile Include="CPPKoans.cpp">
      <Filter>Quelldateien</Filter>
    </ClCompile>
    <ClCompile Include="AboutArrays.cpp">
      <Filter>Quelldateien</Filter>
    </ClCompile>
    <ClCompile Include="AboutClasses.cpp">
      <Filter>Quelldateien</Filter>
    </ClCompile>
    <ClCompile Include="AboutControlStructures.cpp">
      <Filter>Quelldateien</Filter>
    </ClCompile>
    <ClCompile Include="AboutDataTypes.cpp">
      <Filter>Quelldateien</Filter>
    </ClCompile>
    <ClCompile Include="AboutErrorHandling.cpp">
      <Filter>Quelldateien</Filter>
    </ClCompile>
    <ClCompile Include="AboutFunctionCalls.cpp">
      <Filter>Quelldateien</Filter>
    </ClCompile>
    <ClCompile Include="AboutPointers.cpp">
      <Filter>Quelldateien</Filter>
    </ClCompile>
    <ClCompile Include="AboutStdInAndOut.cpp">
      <Filter>Quelldateien</Filter>
    </ClCompile>
    <ClCompile Include="AboutStrings.cpp">
      <Filter>Quelldateien</Filter>
    </ClCompile>
    <ClCompile Include="AboutUserDefinedTypes.cpp">
      <Filter>Quelldateien</Filter>
    </ClCompile>
    <ClCompile Include="AboutVectors.cpp">
      <Filter>Quelldateien</Filter>
    </ClCompile>
    <ClCompile Include="StopMeditating.cpp">
      <Filter>Quelldateien</Filter>
    </ClCompile>
    <ClCompile Include="AboutAssert.cpp">
      <Filter>Quelldateien</Filter>
    </ClCompile>
    <ClCompile Include="AboutBitwiseOperators.cpp">
      <Filter>Quelldateien</Filter>
    </ClCompile>
  </ItemGroup>
</Project>